// !$*UTF8*$!
{
	archiveVersion = 1;
	classes = {
	};
	objectVersion = 48;
	objects = {

/* Begin PBXBuildFile section */
		25F5EB5C6B1545225272DBF3 /* Pods_VietlottTests.framework in Frameworks */ = {isa = PBXBuildFile; fileRef = D317A701113275743F0F751C /* Pods_VietlottTests.framework */; };
		3022AAA45074AB68DBB2449A /* Pods_Vietlott.framework in Frameworks */ = {isa = PBXBuildFile; fileRef = 1D543D0369D399BB6BD51CE0 /* Pods_Vietlott.framework */; };
		BF4736D61F6E1E5100925C62 /* AppDelegate.swift in Sources */ = {isa = PBXBuildFile; fileRef = BF4736D51F6E1E5100925C62 /* AppDelegate.swift */; };
		BF4736D81F6E1E5100925C62 /* ViewController.swift in Sources */ = {isa = PBXBuildFile; fileRef = BF4736D71F6E1E5100925C62 /* ViewController.swift */; };
		BF4736DB1F6E1E5100925C62 /* Main.storyboard in Resources */ = {isa = PBXBuildFile; fileRef = BF4736D91F6E1E5100925C62 /* Main.storyboard */; };
		BF4736DD1F6E1E5100925C62 /* Assets.xcassets in Resources */ = {isa = PBXBuildFile; fileRef = BF4736DC1F6E1E5100925C62 /* Assets.xcassets */; };
		BF4736E01F6E1E5100925C62 /* LaunchScreen.storyboard in Resources */ = {isa = PBXBuildFile; fileRef = BF4736DE1F6E1E5100925C62 /* LaunchScreen.storyboard */; };
		BF4736EB1F6E1E5100925C62 /* VietlottTests.swift in Sources */ = {isa = PBXBuildFile; fileRef = BF4736EA1F6E1E5100925C62 /* VietlottTests.swift */; };
/* End PBXBuildFile section */

/* Begin PBXContainerItemProxy section */
		BF4736E71F6E1E5100925C62 /* PBXContainerItemProxy */ = {
			isa = PBXContainerItemProxy;
			containerPortal = BF4736CA1F6E1E5100925C62 /* Project object */;
			proxyType = 1;
			remoteGlobalIDString = BF4736D11F6E1E5100925C62;
			remoteInfo = Vietlott;
		};
/* End PBXContainerItemProxy section */

/* Begin PBXFileReference section */
		1D543D0369D399BB6BD51CE0 /* Pods_Vietlott.framework */ = {isa = PBXFileReference; explicitFileType = wrapper.framework; includeInIndex = 0; path = Pods_Vietlott.framework; sourceTree = BUILT_PRODUCTS_DIR; };
		3F62202C298ACD7EA55DE60E /* Pods-VietlottTests.debug.xcconfig */ = {isa = PBXFileReference; includeInIndex = 1; lastKnownFileType = text.xcconfig; name = "Pods-VietlottTests.debug.xcconfig"; path = "Pods/Target Support Files/Pods-VietlottTests/Pods-VietlottTests.debug.xcconfig"; sourceTree = "<group>"; };
		442949891C2F899E29790EA1 /* Pods-Vietlott.debug.xcconfig */ = {isa = PBXFileReference; includeInIndex = 1; lastKnownFileType = text.xcconfig; name = "Pods-Vietlott.debug.xcconfig"; path = "Pods/Target Support Files/Pods-Vietlott/Pods-Vietlott.debug.xcconfig"; sourceTree = "<group>"; };
		5276B7ECD81E39F3A469D247 /* Pods-VietlottTests.release.xcconfig */ = {isa = PBXFileReference; includeInIndex = 1; lastKnownFileType = text.xcconfig; name = "Pods-VietlottTests.release.xcconfig"; path = "Pods/Target Support Files/Pods-VietlottTests/Pods-VietlottTests.release.xcconfig"; sourceTree = "<group>"; };
		BF4736D21F6E1E5100925C62 /* Vietlott.app */ = {isa = PBXFileReference; explicitFileType = wrapper.application; includeInIndex = 0; path = Vietlott.app; sourceTree = BUILT_PRODUCTS_DIR; };
		BF4736D51F6E1E5100925C62 /* AppDelegate.swift */ = {isa = PBXFileReference; lastKnownFileType = sourcecode.swift; path = AppDelegate.swift; sourceTree = "<group>"; };
		BF4736D71F6E1E5100925C62 /* ViewController.swift */ = {isa = PBXFileReference; lastKnownFileType = sourcecode.swift; path = ViewController.swift; sourceTree = "<group>"; };
		BF4736DA1F6E1E5100925C62 /* Base */ = {isa = PBXFileReference; lastKnownFileType = file.storyboard; name = Base; path = Base.lproj/Main.storyboard; sourceTree = "<group>"; };
		BF4736DC1F6E1E5100925C62 /* Assets.xcassets */ = {isa = PBXFileReference; lastKnownFileType = folder.assetcatalog; path = Assets.xcassets; sourceTree = "<group>"; };
		BF4736DF1F6E1E5100925C62 /* Base */ = {isa = PBXFileReference; lastKnownFileType = file.storyboard; name = Base; path = Base.lproj/LaunchScreen.storyboard; sourceTree = "<group>"; };
		BF4736E11F6E1E5100925C62 /* Info.plist */ = {isa = PBXFileReference; lastKnownFileType = text.plist.xml; path = Info.plist; sourceTree = "<group>"; };
		BF4736E61F6E1E5100925C62 /* VietlottTests.xctest */ = {isa = PBXFileReference; explicitFileType = wrapper.cfbundle; includeInIndex = 0; path = VietlottTests.xctest; sourceTree = BUILT_PRODUCTS_DIR; };
		BF4736EA1F6E1E5100925C62 /* VietlottTests.swift */ = {isa = PBXFileReference; lastKnownFileType = sourcecode.swift; path = VietlottTests.swift; sourceTree = "<group>"; };
		BF4736EC1F6E1E5100925C62 /* Info.plist */ = {isa = PBXFileReference; lastKnownFileType = text.plist.xml; path = Info.plist; sourceTree = "<group>"; };
		D1A8B07A5939BECE0466EBEF /* Pods-Vietlott.release.xcconfig */ = {isa = PBXFileReference; includeInIndex = 1; lastKnownFileType = text.xcconfig; name = "Pods-Vietlott.release.xcconfig"; path = "Pods/Target Support Files/Pods-Vietlott/Pods-Vietlott.release.xcconfig"; sourceTree = "<group>"; };
		D317A701113275743F0F751C /* Pods_VietlottTests.framework */ = {isa = PBXFileReference; explicitFileType = wrapper.framework; includeInIndex = 0; path = Pods_VietlottTests.framework; sourceTree = BUILT_PRODUCTS_DIR; };
/* End PBXFileReference section */

/* Begin PBXFrameworksBuildPhase section */
		BF4736CF1F6E1E5100925C62 /* Frameworks */ = {
			isa = PBXFrameworksBuildPhase;
			buildActionMask = 2147483647;
			files = (
				3022AAA45074AB68DBB2449A /* Pods_Vietlott.framework in Frameworks */,
			);
			runOnlyForDeploymentPostprocessing = 0;
		};
		BF4736E31F6E1E5100925C62 /* Frameworks */ = {
			isa = PBXFrameworksBuildPhase;
			buildActionMask = 2147483647;
			files = (
				25F5EB5C6B1545225272DBF3 /* Pods_VietlottTests.framework in Frameworks */,
			);
			runOnlyForDeploymentPostprocessing = 0;
		};
/* End PBXFrameworksBuildPhase section */

/* Begin PBXGroup section */
		25E69937913A68AAF09FC1E9 /* Pods */ = {
			isa = PBXGroup;
			children = (
				442949891C2F899E29790EA1 /* Pods-Vietlott.debug.xcconfig */,
				D1A8B07A5939BECE0466EBEF /* Pods-Vietlott.release.xcconfig */,
				3F62202C298ACD7EA55DE60E /* Pods-VietlottTests.debug.xcconfig */,
				5276B7ECD81E39F3A469D247 /* Pods-VietlottTests.release.xcconfig */,
			);
			name = Pods;
			sourceTree = "<group>";
		};
		944F574BFEF4D3841C9189FB /* Frameworks */ = {
			isa = PBXGroup;
			children = (
				1D543D0369D399BB6BD51CE0 /* Pods_Vietlott.framework */,
				D317A701113275743F0F751C /* Pods_VietlottTests.framework */,
			);
			name = Frameworks;
			sourceTree = "<group>";
		};
		BF4736C91F6E1E5100925C62 = {
			isa = PBXGroup;
			children = (
				BF4736D41F6E1E5100925C62 /* Vietlott */,
				BF4736E91F6E1E5100925C62 /* VietlottTests */,
				BF4736D31F6E1E5100925C62 /* Products */,
				25E69937913A68AAF09FC1E9 /* Pods */,
				944F574BFEF4D3841C9189FB /* Frameworks */,
			);
			sourceTree = "<group>";
		};
		BF4736D31F6E1E5100925C62 /* Products */ = {
			isa = PBXGroup;
			children = (
				BF4736D21F6E1E5100925C62 /* Vietlott.app */,
				BF4736E61F6E1E5100925C62 /* VietlottTests.xctest */,
			);
			name = Products;
			sourceTree = "<group>";
		};
		BF4736D41F6E1E5100925C62 /* Vietlott */ = {
			isa = PBXGroup;
			children = (
				BF4736D51F6E1E5100925C62 /* AppDelegate.swift */,
				BF4736D71F6E1E5100925C62 /* ViewController.swift */,
				BF4736D91F6E1E5100925C62 /* Main.storyboard */,
				BF4736DC1F6E1E5100925C62 /* Assets.xcassets */,
				BF4736DE1F6E1E5100925C62 /* LaunchScreen.storyboard */,
				BF4736E11F6E1E5100925C62 /* Info.plist */,
			);
			path = Vietlott;
			sourceTree = "<group>";
		};
		BF4736E91F6E1E5100925C62 /* VietlottTests */ = {
			isa = PBXGroup;
			children = (
				BF4736EA1F6E1E5100925C62 /* VietlottTests.swift */,
				BF4736EC1F6E1E5100925C62 /* Info.plist */,
			);
			path = VietlottTests;
			sourceTree = "<group>";
		};
/* End PBXGroup section */

/* Begin PBXNativeTarget section */
		BF4736D11F6E1E5100925C62 /* Vietlott */ = {
			isa = PBXNativeTarget;
			buildConfigurationList = BF4736EF1F6E1E5100925C62 /* Build configuration list for PBXNativeTarget "Vietlott" */;
			buildPhases = (
				810DE4E4487A0B89E0A02689 /* [CP] Check Pods Manifest.lock */,
				BF4736CE1F6E1E5100925C62 /* Sources */,
				BF4736CF1F6E1E5100925C62 /* Frameworks */,
				BF4736D01F6E1E5100925C62 /* Resources */,
				5D2487CFDCEA0A2201C04938 /* [CP] Embed Pods Frameworks */,
				FB621749BAB3EC3CBD2FA85C /* [CP] Copy Pods Resources */,
			);
			buildRules = (
			);
			dependencies = (
			);
			name = Vietlott;
			productName = Vietlott;
			productReference = BF4736D21F6E1E5100925C62 /* Vietlott.app */;
			productType = "com.apple.product-type.application";
		};
		BF4736E51F6E1E5100925C62 /* VietlottTests */ = {
			isa = PBXNativeTarget;
			buildConfigurationList = BF4736F21F6E1E5100925C62 /* Build configuration list for PBXNativeTarget "VietlottTests" */;
			buildPhases = (
				2B28C606E72970B0F9B0DF20 /* [CP] Check Pods Manifest.lock */,
				BF4736E21F6E1E5100925C62 /* Sources */,
				BF4736E31F6E1E5100925C62 /* Frameworks */,
				BF4736E41F6E1E5100925C62 /* Resources */,
				E5CB5E4B5B164210F1AF7105 /* [CP] Embed Pods Frameworks */,
				CBD786C91D9DDD6666418B48 /* [CP] Copy Pods Resources */,
			);
			buildRules = (
			);
			dependencies = (
				BF4736E81F6E1E5100925C62 /* PBXTargetDependency */,
			);
			name = VietlottTests;
			productName = VietlottTests;
			productReference = BF4736E61F6E1E5100925C62 /* VietlottTests.xctest */;
			productType = "com.apple.product-type.bundle.unit-test";
		};
/* End PBXNativeTarget section */

/* Begin PBXProject section */
		BF4736CA1F6E1E5100925C62 /* Project object */ = {
			isa = PBXProject;
			attributes = {
				LastSwiftUpdateCheck = 0900;
				LastUpgradeCheck = 0900;
				ORGANIZATIONNAME = "Bao Nguyen";
				TargetAttributes = {
					BF4736D11F6E1E5100925C62 = {
						CreatedOnToolsVersion = 9.0;
						ProvisioningStyle = Automatic;
					};
					BF4736E51F6E1E5100925C62 = {
						CreatedOnToolsVersion = 9.0;
						ProvisioningStyle = Automatic;
						TestTargetID = BF4736D11F6E1E5100925C62;
					};
				};
			};
			buildConfigurationList = BF4736CD1F6E1E5100925C62 /* Build configuration list for PBXProject "Vietlott" */;
			compatibilityVersion = "Xcode 8.0";
			developmentRegion = en;
			hasScannedForEncodings = 0;
			knownRegions = (
				en,
				Base,
			);
			mainGroup = BF4736C91F6E1E5100925C62;
			productRefGroup = BF4736D31F6E1E5100925C62 /* Products */;
			projectDirPath = "";
			projectRoot = "";
			targets = (
				BF4736D11F6E1E5100925C62 /* Vietlott */,
				BF4736E51F6E1E5100925C62 /* VietlottTests */,
			);
		};
/* End PBXProject section */

/* Begin PBXResourcesBuildPhase section */
		BF4736D01F6E1E5100925C62 /* Resources */ = {
			isa = PBXResourcesBuildPhase;
			buildActionMask = 2147483647;
			files = (
				BF4736E01F6E1E5100925C62 /* LaunchScreen.storyboard in Resources */,
				BF4736DD1F6E1E5100925C62 /* Assets.xcassets in Resources */,
				BF4736DB1F6E1E5100925C62 /* Main.storyboard in Resources */,
			);
			runOnlyForDeploymentPostprocessing = 0;
		};
		BF4736E41F6E1E5100925C62 /* Resources */ = {
			isa = PBXResourcesBuildPhase;
			buildActionMask = 2147483647;
			files = (
			);
			runOnlyForDeploymentPostprocessing = 0;
		};
/* End PBXResourcesBuildPhase section */

/* Begin PBXShellScriptBuildPhase section */
		2B28C606E72970B0F9B0DF20 /* [CP] Check Pods Manifest.lock */ = {
			isa = PBXShellScriptBuildPhase;
			buildActionMask = 2147483647;
			files = (
			);
			inputPaths = (
			);
			name = "[CP] Check Pods Manifest.lock";
			outputPaths = (
			);
			runOnlyForDeploymentPostprocessing = 0;
			shellPath = /bin/sh;
			shellScript = "diff \"${PODS_ROOT}/../Podfile.lock\" \"${PODS_ROOT}/Manifest.lock\" > /dev/null\nif [ $? != 0 ] ; then\n    # print error to STDERR\n    echo \"error: The sandbox is not in sync with the Podfile.lock. Run 'pod install' or update your CocoaPods installation.\" >&2\n    exit 1\nfi\n";
			showEnvVarsInLog = 0;
		};
		5D2487CFDCEA0A2201C04938 /* [CP] Embed Pods Frameworks */ = {
			isa = PBXShellScriptBuildPhase;
			buildActionMask = 2147483647;
			files = (
			);
			inputPaths = (
			);
			name = "[CP] Embed Pods Frameworks";
			outputPaths = (
			);
			runOnlyForDeploymentPostprocessing = 0;
			shellPath = /bin/sh;
			shellScript = "\"${SRCROOT}/Pods/Target Support Files/Pods-Vietlott/Pods-Vietlott-frameworks.sh\"\n";
			showEnvVarsInLog = 0;
		};
		810DE4E4487A0B89E0A02689 /* [CP] Check Pods Manifest.lock */ = {
			isa = PBXShellScriptBuildPhase;
			buildActionMask = 2147483647;
			files = (
			);
			inputPaths = (
			);
			name = "[CP] Check Pods Manifest.lock";
			outputPaths = (
			);
			runOnlyForDeploymentPostprocessing = 0;
			shellPath = /bin/sh;
			shellScript = "diff \"${PODS_ROOT}/../Podfile.lock\" \"${PODS_ROOT}/Manifest.lock\" > /dev/null\nif [ $? != 0 ] ; then\n    # print error to STDERR\n    echo \"error: The sandbox is not in sync with the Podfile.lock. Run 'pod install' or update your CocoaPods installation.\" >&2\n    exit 1\nfi\n";
			showEnvVarsInLog = 0;
		};
		CBD786C91D9DDD6666418B48 /* [CP] Copy Pods Resources */ = {
			isa = PBXShellScriptBuildPhase;
			buildActionMask = 2147483647;
			files = (
			);
			inputPaths = (
			);
			name = "[CP] Copy Pods Resources";
			outputPaths = (
			);
			runOnlyForDeploymentPostprocessing = 0;
			shellPath = /bin/sh;
			shellScript = "\"${SRCROOT}/Pods/Target Support Files/Pods-VietlottTests/Pods-VietlottTests-resources.sh\"\n";
			showEnvVarsInLog = 0;
		};
		E5CB5E4B5B164210F1AF7105 /* [CP] Embed Pods Frameworks */ = {
			isa = PBXShellScriptBuildPhase;
			buildActionMask = 2147483647;
			files = (
			);
			inputPaths = (
			);
			name = "[CP] Embed Pods Frameworks";
			outputPaths = (
			);
			runOnlyForDeploymentPostprocessing = 0;
			shellPath = /bin/sh;
			shellScript = "\"${SRCROOT}/Pods/Target Support Files/Pods-VietlottTests/Pods-VietlottTests-frameworks.sh\"\n";
			showEnvVarsInLog = 0;
		};
		FB621749BAB3EC3CBD2FA85C /* [CP] Copy Pods Resources */ = {
			isa = PBXShellScriptBuildPhase;
			buildActionMask = 2147483647;
			files = (
			);
			inputPaths = (
			);
			name = "[CP] Copy Pods Resources";
			outputPaths = (
			);
			runOnlyForDeploymentPostprocessing = 0;
			shellPath = /bin/sh;
			shellScript = "\"${SRCROOT}/Pods/Target Support Files/Pods-Vietlott/Pods-Vietlott-resources.sh\"\n";
			showEnvVarsInLog = 0;
		};
/* End PBXShellScriptBuildPhase section */

/* Begin PBXSourcesBuildPhase section */
		BF4736CE1F6E1E5100925C62 /* Sources */ = {
			isa = PBXSourcesBuildPhase;
			buildActionMask = 2147483647;
			files = (
				BF4736D81F6E1E5100925C62 /* ViewController.swift in Sources */,
				BF4736D61F6E1E5100925C62 /* AppDelegate.swift in Sources */,
			);
			runOnlyForDeploymentPostprocessing = 0;
		};
		BF4736E21F6E1E5100925C62 /* Sources */ = {
			isa = PBXSourcesBuildPhase;
			buildActionMask = 2147483647;
			files = (
				BF4736EB1F6E1E5100925C62 /* VietlottTests.swift in Sources */,
			);
			runOnlyForDeploymentPostprocessing = 0;
		};
/* End PBXSourcesBuildPhase section */

/* Begin PBXTargetDependency section */
		BF4736E81F6E1E5100925C62 /* PBXTargetDependency */ = {
			isa = PBXTargetDependency;
			target = BF4736D11F6E1E5100925C62 /* Vietlott */;
			targetProxy = BF4736E71F6E1E5100925C62 /* PBXContainerItemProxy */;
		};
/* End PBXTargetDependency section */

/* Begin PBXVariantGroup section */
		BF4736D91F6E1E5100925C62 /* Main.storyboard */ = {
			isa = PBXVariantGroup;
			children = (
				BF4736DA1F6E1E5100925C62 /* Base */,
			);
			name = Main.storyboard;
			sourceTree = "<group>";
		};
		BF4736DE1F6E1E5100925C62 /* LaunchScreen.storyboard */ = {
			isa = PBXVariantGroup;
			children = (
				BF4736DF1F6E1E5100925C62 /* Base */,
			);
			name = LaunchScreen.storyboard;
			sourceTree = "<group>";
		};
/* End PBXVariantGroup section */

/* Begin XCBuildConfiguration section */
		BF4736ED1F6E1E5100925C62 /* Debug */ = {
			isa = XCBuildConfiguration;
			buildSettings = {
				ALWAYS_SEARCH_USER_PATHS = NO;
				CLANG_ANALYZER_NONNULL = YES;
				CLANG_ANALYZER_NUMBER_OBJECT_CONVERSION = YES_AGGRESSIVE;
				CLANG_CXX_LANGUAGE_STANDARD = "gnu++14";
				CLANG_CXX_LIBRARY = "libc++";
				CLANG_ENABLE_MODULES = YES;
				CLANG_ENABLE_OBJC_ARC = YES;
				CLANG_WARN_BLOCK_CAPTURE_AUTORELEASING = YES;
				CLANG_WARN_BOOL_CONVERSION = YES;
				CLANG_WARN_COMMA = YES;
				CLANG_WARN_CONSTANT_CONVERSION = YES;
				CLANG_WARN_DIRECT_OBJC_ISA_USAGE = YES_ERROR;
				CLANG_WARN_DOCUMENTATION_COMMENTS = YES;
				CLANG_WARN_EMPTY_BODY = YES;
				CLANG_WARN_ENUM_CONVERSION = YES;
				CLANG_WARN_INFINITE_RECURSION = YES;
				CLANG_WARN_INT_CONVERSION = YES;
				CLANG_WARN_NON_LITERAL_NULL_CONVERSION = YES;
				CLANG_WARN_OBJC_LITERAL_CONVERSION = YES;
				CLANG_WARN_OBJC_ROOT_CLASS = YES_ERROR;
				CLANG_WARN_RANGE_LOOP_ANALYSIS = YES;
				CLANG_WARN_STRICT_PROTOTYPES = YES;
				CLANG_WARN_SUSPICIOUS_MOVE = YES;
				CLANG_WARN_UNGUARDED_AVAILABILITY = YES_AGGRESSIVE;
				CLANG_WARN_UNREACHABLE_CODE = YES;
				CLANG_WARN__DUPLICATE_METHOD_MATCH = YES;
				CODE_SIGN_IDENTITY = "iPhone Developer";
				COPY_PHASE_STRIP = NO;
				DEBUG_INFORMATION_FORMAT = dwarf;
				ENABLE_STRICT_OBJC_MSGSEND = YES;
				ENABLE_TESTABILITY = YES;
				GCC_C_LANGUAGE_STANDARD = gnu11;
				GCC_DYNAMIC_NO_PIC = NO;
				GCC_NO_COMMON_BLOCKS = YES;
				GCC_OPTIMIZATION_LEVEL = 0;
				GCC_PREPROCESSOR_DEFINITIONS = (
					"DEBUG=1",
					"$(inherited)",
				);
				GCC_WARN_64_TO_32_BIT_CONVERSION = YES;
				GCC_WARN_ABOUT_RETURN_TYPE = YES_ERROR;
				GCC_WARN_UNDECLARED_SELECTOR = YES;
				GCC_WARN_UNINITIALIZED_AUTOS = YES_AGGRESSIVE;
				GCC_WARN_UNUSED_FUNCTION = YES;
				GCC_WARN_UNUSED_VARIABLE = YES;
				IPHONEOS_DEPLOYMENT_TARGET = 11.0;
				MTL_ENABLE_DEBUG_INFO = YES;
				ONLY_ACTIVE_ARCH = YES;
				SDKROOT = iphoneos;
				SWIFT_ACTIVE_COMPILATION_CONDITIONS = DEBUG;
				SWIFT_OPTIMIZATION_LEVEL = "-Onone";
			};
			name = Debug;
		};
		BF4736EE1F6E1E5100925C62 /* Release */ = {
			isa = XCBuildConfiguration;
			buildSettings = {
				ALWAYS_SEARCH_USER_PATHS = NO;
				CLANG_ANALYZER_NONNULL = YES;
				CLANG_ANALYZER_NUMBER_OBJECT_CONVERSION = YES_AGGRESSIVE;
				CLANG_CXX_LANGUAGE_STANDARD = "gnu++14";
				CLANG_CXX_LIBRARY = "libc++";
				CLANG_ENABLE_MODULES = YES;
				CLANG_ENABLE_OBJC_ARC = YES;
				CLANG_WARN_BLOCK_CAPTURE_AUTORELEASING = YES;
				CLANG_WARN_BOOL_CONVERSION = YES;
				CLANG_WARN_COMMA = YES;
				CLANG_WARN_CONSTANT_CONVERSION = YES;
				CLANG_WARN_DIRECT_OBJC_ISA_USAGE = YES_ERROR;
				CLANG_WARN_DOCUMENTATION_COMMENTS = YES;
				CLANG_WARN_EMPTY_BODY = YES;
				CLANG_WARN_ENUM_CONVERSION = YES;
				CLANG_WARN_INFINITE_RECURSION = YES;
				CLANG_WARN_INT_CONVERSION = YES;
				CLANG_WARN_NON_LITERAL_NULL_CONVERSION = YES;
				CLANG_WARN_OBJC_LITERAL_CONVERSION = YES;
				CLANG_WARN_OBJC_ROOT_CLASS = YES_ERROR;
				CLANG_WARN_RANGE_LOOP_ANALYSIS = YES;
				CLANG_WARN_STRICT_PROTOTYPES = YES;
				CLANG_WARN_SUSPICIOUS_MOVE = YES;
				CLANG_WARN_UNGUARDED_AVAILABILITY = YES_AGGRESSIVE;
				CLANG_WARN_UNREACHABLE_CODE = YES;
				CLANG_WARN__DUPLICATE_METHOD_MATCH = YES;
				CODE_SIGN_IDENTITY = "iPhone Developer";
				COPY_PHASE_STRIP = NO;
				DEBUG_INFORMATION_FORMAT = "dwarf-with-dsym";
				ENABLE_NS_ASSERTIONS = NO;
				ENABLE_STRICT_OBJC_MSGSEND = YES;
				GCC_C_LANGUAGE_STANDARD = gnu11;
				GCC_NO_COMMON_BLOCKS = YES;
				GCC_WARN_64_TO_32_BIT_CONVERSION = YES;
				GCC_WARN_ABOUT_RETURN_TYPE = YES_ERROR;
				GCC_WARN_UNDECLARED_SELECTOR = YES;
				GCC_WARN_UNINITIALIZED_AUTOS = YES_AGGRESSIVE;
				GCC_WARN_UNUSED_FUNCTION = YES;
				GCC_WARN_UNUSED_VARIABLE = YES;
				IPHONEOS_DEPLOYMENT_TARGET = 11.0;
				MTL_ENABLE_DEBUG_INFO = NO;
				SDKROOT = iphoneos;
				SWIFT_OPTIMIZATION_LEVEL = "-Owholemodule";
				VALIDATE_PRODUCT = YES;
			};
			name = Release;
		};
		BF4736F01F6E1E5100925C62 /* Debug */ = {
			isa = XCBuildConfiguration;
			baseConfigurationReference = 442949891C2F899E29790EA1 /* Pods-Vietlott.debug.xcconfig */;
			buildSettings = {
				ASSETCATALOG_COMPILER_APPICON_NAME = AppIcon;
				CODE_SIGN_STYLE = Automatic;
				DEVELOPMENT_TEAM = 4X4ZDEX56P;
				INFOPLIST_FILE = Vietlott/Info.plist;
				LD_RUNPATH_SEARCH_PATHS = "$(inherited) @executable_path/Frameworks";
				PRODUCT_BUNDLE_IDENTIFIER = com.baon.Vietlott;
				PRODUCT_NAME = "$(TARGET_NAME)";
				SWIFT_VERSION = 4.0;
				TARGETED_DEVICE_FAMILY = "1,2";
			};
			name = Debug;
		};
		BF4736F11F6E1E5100925C62 /* Release */ = {
			isa = XCBuildConfiguration;
			baseConfigurationReference = D1A8B07A5939BECE0466EBEF /* Pods-Vietlott.release.xcconfig */;
			buildSettings = {
				ASSETCATALOG_COMPILER_APPICON_NAME = AppIcon;
				CODE_SIGN_STYLE = Automatic;
				DEVELOPMENT_TEAM = 4X4ZDEX56P;
				INFOPLIST_FILE = Vietlott/Info.plist;
				LD_RUNPATH_SEARCH_PATHS = "$(inherited) @executable_path/Frameworks";
				PRODUCT_BUNDLE_IDENTIFIER = com.baon.Vietlott;
				PRODUCT_NAME = "$(TARGET_NAME)";
				SWIFT_VERSION = 4.0;
				TARGETED_DEVICE_FAMILY = "1,2";
			};
			name = Release;
		};
		BF4736F31F6E1E5100925C62 /* Debug */ = {
			isa = XCBuildConfiguration;
			baseConfigurationReference = 3F62202C298ACD7EA55DE60E /* Pods-VietlottTests.debug.xcconfig */;
			buildSettings = {
				ALWAYS_EMBED_SWIFT_STANDARD_LIBRARIES = YES;
				BUNDLE_LOADER = "$(TEST_HOST)";
				CODE_SIGN_STYLE = Automatic;
				DEVELOPMENT_TEAM = 4X4ZDEX56P;
				INFOPLIST_FILE = VietlottTests/Info.plist;
				LD_RUNPATH_SEARCH_PATHS = "$(inherited) @executable_path/Frameworks @loader_path/Frameworks";
				PRODUCT_BUNDLE_IDENTIFIER = com.baon.VietlottTests;
				PRODUCT_NAME = "$(TARGET_NAME)";
				SWIFT_VERSION = 4.0;
				TARGETED_DEVICE_FAMILY = "1,2";
				TEST_HOST = "$(BUILT_PRODUCTS_DIR)/Vietlott.app/Vietlott";
			};
			name = Debug;
		};
		BF4736F41F6E1E5100925C62 /* Release */ = {
			isa = XCBuildConfiguration;
			baseConfigurationReference = 5276B7ECD81E39F3A469D247 /* Pods-VietlottTests.release.xcconfig */;
			buildSettings = {
				ALWAYS_EMBED_SWIFT_STANDARD_LIBRARIES = YES;
				BUNDLE_LOADER = "$(TEST_HOST)";
				CODE_SIGN_STYLE = Automatic;
				DEVELOPMENT_TEAM = 4X4ZDEX56P;
				INFOPLIST_FILE = VietlottTests/Info.plist;
				LD_RUNPATH_SEARCH_PATHS = "$(inherited) @executable_path/Frameworks @loader_path/Frameworks";
				PRODUCT_BUNDLE_IDENTIFIER = com.baon.VietlottTests;
				PRODUCT_NAME = "$(TARGET_NAME)";
				SWIFT_VERSION = 4.0;
				TARGETED_DEVICE_FAMILY = "1,2";
				TEST_HOST = "$(BUILT_PRODUCTS_DIR)/Vietlott.app/Vietlott";
			};
			name = Release;
		};
/* End XCBuildConfiguration section */

/* Begin XCConfigurationList section */
		BF4736CD1F6E1E5100925C62 /* Build configuration list for PBXProject "Vietlott" */ = {
			isa = XCConfigurationList;
			buildConfigurations = (
				BF4736ED1F6E1E5100925C62 /* Debug */,
				BF4736EE1F6E1E5100925C62 /* Release */,
			);
			defaultConfigurationIsVisible = 0;
			defaultConfigurationName = Release;
		};
		BF4736EF1F6E1E5100925C62 /* Build configuration list for PBXNativeTarget "Vietlott" */ = {
			isa = XCConfigurationList;
			buildConfigurations = (
				BF4736F01F6E1E5100925C62 /* Debug */,
				BF4736F11F6E1E5100925C62 /* Release */,
			);
			defaultConfigurationIsVisible = 0;
			defaultConfigurationName = Release;
		};
		BF4736F21F6E1E5100925C62 /* Build configuration list for PBXNativeTarget "VietlottTests" */ = {
			isa = XCConfigurationList;
			buildConfigurations = (
				BF4736F31F6E1E5100925C62 /* Debug */,
				BF4736F41F6E1E5100925C62 /* Release */,
			);
			defaultConfigurationIsVisible = 0;
			defaultConfigurationName = Release;
		};
/* End XCConfigurationList section */
	};
	rootObject = BF4736CA1F6E1E5100925C62 /* Project object */;
}
